# This file is automatically @generated by Cargo.
# It is not intended for manual editing.
version = 3

[[package]]
name = "day_15"
version = "0.1.0"
dependencies = [
 "sorted-vec",
]

[[package]]
name = "sorted-vec"
version = "0.7.0"
source = "registry+https://github.com/rust-lang/crates.io-index"
checksum = "4210e1a17d165a0c1d4a233af1e3b36fb21b1359042767a4d2c73554f5f8c2aa"
