# This file is automatically @generated by Cargo.
# It is not intended for manual editing.
version = 3

[[package]]
name = "day_15"
version = "0.1.0"
dependencies = [
 "priority-queue",
]

[[package]]
name = "indexmap"
version = "0.4.1"
source = "registry+https://github.com/rust-lang/crates.io-index"
checksum = "7164c96d6e18ccc3ce43f3dedac996c21a220670a106c275b96ad92110401362"

[[package]]
name = "priority-queue"
version = "0.5.4"
source = "registry+https://github.com/rust-lang/crates.io-index"
checksum = "12c349103858e4f8dd8eca2788f6d7b2f351ce77517d0227e6ea698f2a6110d2"
dependencies = [
 "indexmap",
]
